// !$*UTF8*$!
{
	archiveVersion = 1;
	classes = {
	};
	objectVersion = 46;
	objects = {

/* Begin PBXBuildFile section */
		840964C21DD4C20F0056F82A /* AppDelegate.swift in Sources */ = {isa = PBXBuildFile; fileRef = 840964C11DD4C20F0056F82A /* AppDelegate.swift */; };
		840964C41DD4C20F0056F82A /* ViewController.swift in Sources */ = {isa = PBXBuildFile; fileRef = 840964C31DD4C20F0056F82A /* ViewController.swift */; };
		840964C71DD4C20F0056F82A /* Main.storyboard in Resources */ = {isa = PBXBuildFile; fileRef = 840964C51DD4C20F0056F82A /* Main.storyboard */; };
		840964CA1DD4C20F0056F82A /* _My_App__Shipping_route.xcdatamodeld in Sources */ = {isa = PBXBuildFile; fileRef = 840964C81DD4C20F0056F82A /* _My_App__Shipping_route.xcdatamodeld */; };
		840964CC1DD4C20F0056F82A /* Assets.xcassets in Resources */ = {isa = PBXBuildFile; fileRef = 840964CB1DD4C20F0056F82A /* Assets.xcassets */; };
		840964CF1DD4C20F0056F82A /* LaunchScreen.storyboard in Resources */ = {isa = PBXBuildFile; fileRef = 840964CD1DD4C20F0056F82A /* LaunchScreen.storyboard */; };
/* End PBXBuildFile section */

/* Begin PBXFileReference section */
		840964BE1DD4C20F0056F82A /* [My App] Shipping route.app */ = {isa = PBXFileReference; explicitFileType = wrapper.application; includeInIndex = 0; path = "[My App] Shipping route.app"; sourceTree = BUILT_PRODUCTS_DIR; };
		840964C11DD4C20F0056F82A /* AppDelegate.swift */ = {isa = PBXFileReference; lastKnownFileType = sourcecode.swift; path = AppDelegate.swift; sourceTree = "<group>"; };
		840964C31DD4C20F0056F82A /* ViewController.swift */ = {isa = PBXFileReference; lastKnownFileType = sourcecode.swift; path = ViewController.swift; sourceTree = "<group>"; };
		840964C61DD4C20F0056F82A /* Base */ = {isa = PBXFileReference; lastKnownFileType = file.storyboard; name = Base; path = Base.lproj/Main.storyboard; sourceTree = "<group>"; };
		840964C91DD4C20F0056F82A /* _My_App__Shipping_route.xcdatamodel */ = {isa = PBXFileReference; lastKnownFileType = wrapper.xcdatamodel; path = _My_App__Shipping_route.xcdatamodel; sourceTree = "<group>"; };
		840964CB1DD4C20F0056F82A /* Assets.xcassets */ = {isa = PBXFileReference; lastKnownFileType = folder.assetcatalog; path = Assets.xcassets; sourceTree = "<group>"; };
		840964CE1DD4C20F0056F82A /* Base */ = {isa = PBXFileReference; lastKnownFileType = file.storyboard; name = Base; path = Base.lproj/LaunchScreen.storyboard; sourceTree = "<group>"; };
		840964D01DD4C20F0056F82A /* Info.plist */ = {isa = PBXFileReference; lastKnownFileType = text.plist.xml; path = Info.plist; sourceTree = "<group>"; };
/* End PBXFileReference section */

/* Begin PBXFrameworksBuildPhase section */
		840964BB1DD4C20F0056F82A /* Frameworks */ = {
			isa = PBXFrameworksBuildPhase;
			buildActionMask = 2147483647;
			files = (
			);
			runOnlyForDeploymentPostprocessing = 0;
		};
/* End PBXFrameworksBuildPhase section */

/* Begin PBXGroup section */
		840964B51DD4C20F0056F82A = {
			isa = PBXGroup;
			children = (
				840964C01DD4C20F0056F82A /* [My App] Shipping route */,
				840964BF1DD4C20F0056F82A /* Products */,
			);
			sourceTree = "<group>";
		};
		840964BF1DD4C20F0056F82A /* Products */ = {
			isa = PBXGroup;
			children = (
				840964BE1DD4C20F0056F82A /* [My App] Shipping route.app */,
			);
			name = Products;
			sourceTree = "<group>";
		};
		840964C01DD4C20F0056F82A /* [My App] Shipping route */ = {
			isa = PBXGroup;
			children = (
				840964C11DD4C20F0056F82A /* AppDelegate.swift */,
				840964C31DD4C20F0056F82A /* ViewController.swift */,
				840964C51DD4C20F0056F82A /* Main.storyboard */,
				840964CB1DD4C20F0056F82A /* Assets.xcassets */,
				840964CD1DD4C20F0056F82A /* LaunchScreen.storyboard */,
				840964D01DD4C20F0056F82A /* Info.plist */,
				840964C81DD4C20F0056F82A /* _My_App__Shipping_route.xcdatamodeld */,
			);
			path = "[My App] Shipping route";
			sourceTree = "<group>";
		};
/* End PBXGroup section */

/* Begin PBXNativeTarget section */
		840964BD1DD4C20F0056F82A /* [My App] Shipping route */ = {
			isa = PBXNativeTarget;
			buildConfigurationList = 840964D31DD4C20F0056F82A /* Build configuration list for PBXNativeTarget "[My App] Shipping route" */;
			buildPhases = (
				840964BA1DD4C20F0056F82A /* Sources */,
				840964BB1DD4C20F0056F82A /* Frameworks */,
				840964BC1DD4C20F0056F82A /* Resources */,
			);
			buildRules = (
			);
			dependencies = (
			);
			name = "[My App] Shipping route";
			productName = "[My App] Shipping route";
			productReference = 840964BE1DD4C20F0056F82A /* [My App] Shipping route.app */;
			productType = "com.apple.product-type.application";
		};
/* End PBXNativeTarget section */

/* Begin PBXProject section */
		840964B61DD4C20F0056F82A /* Project object */ = {
			isa = PBXProject;
			attributes = {
				LastSwiftUpdateCheck = 0800;
				LastUpgradeCheck = 0800;
				ORGANIZATIONNAME = uyenlva;
				TargetAttributes = {
					840964BD1DD4C20F0056F82A = {
						CreatedOnToolsVersion = 8.0;
						ProvisioningStyle = Automatic;
					};
				};
			};
			buildConfigurationList = 840964B91DD4C20F0056F82A /* Build configuration list for PBXProject "[My App] Shipping route" */;
			compatibilityVersion = "Xcode 3.2";
			developmentRegion = English;
			hasScannedForEncodings = 0;
			knownRegions = (
				en,
				Base,
			);
			mainGroup = 840964B51DD4C20F0056F82A;
			productRefGroup = 840964BF1DD4C20F0056F82A /* Products */;
			projectDirPath = "";
			projectRoot = "";
			targets = (
				840964BD1DD4C20F0056F82A /* [My App] Shipping route */,
			);
		};
/* End PBXProject section */

/* Begin PBXResourcesBuildPhase section */
		840964BC1DD4C20F0056F82A /* Resources */ = {
			isa = PBXResourcesBuildPhase;
			buildActionMask = 2147483647;
			files = (
				840964CF1DD4C20F0056F82A /* LaunchScreen.storyboard in Resources */,
				840964CC1DD4C20F0056F82A /* Assets.xcassets in Resources */,
				840964C71DD4C20F0056F82A /* Main.storyboard in Resources */,
			);
			runOnlyForDeploymentPostprocessing = 0;
		};
/* End PBXResourcesBuildPhase section */

/* Begin PBXSourcesBuildPhase section */
		840964BA1DD4C20F0056F82A /* Sources */ = {
			isa = PBXSourcesBuildPhase;
			buildActionMask = 2147483647;
			files = (
				840964CA1DD4C20F0056F82A /* _My_App__Shipping_route.xcdatamodeld in Sources */,
				840964C41DD4C20F0056F82A /* ViewController.swift in Sources */,
				840964C21DD4C20F0056F82A /* AppDelegate.swift in Sources */,
			);
			runOnlyForDeploymentPostprocessing = 0;
		};
/* End PBXSourcesBuildPhase section */

/* Begin PBXVariantGroup section */
		840964C51DD4C20F0056F82A /* Main.storyboard */ = {
			isa = PBXVariantGroup;
			children = (
				840964C61DD4C20F0056F82A /* Base */,
			);
			name = Main.storyboard;
			sourceTree = "<group>";
		};
		840964CD1DD4C20F0056F82A /* LaunchScreen.storyboard */ = {
			isa = PBXVariantGroup;
			children = (
				840964CE1DD4C20F0056F82A /* Base */,
			);
			name = LaunchScreen.storyboard;
			sourceTree = "<group>";
		};
/* End PBXVariantGroup section */

/* Begin XCBuildConfiguration section */
		840964D11DD4C20F0056F82A /* Debug */ = {
			isa = XCBuildConfiguration;
			buildSettings = {
				ALWAYS_SEARCH_USER_PATHS = NO;
				CLANG_ANALYZER_NONNULL = YES;
				CLANG_CXX_LANGUAGE_STANDARD = "gnu++0x";
				CLANG_CXX_LIBRARY = "libc++";
				CLANG_ENABLE_MODULES = YES;
				CLANG_ENABLE_OBJC_ARC = YES;
				CLANG_WARN_BOOL_CONVERSION = YES;
				CLANG_WARN_CONSTANT_CONVERSION = YES;
				CLANG_WARN_DIRECT_OBJC_ISA_USAGE = YES_ERROR;
				CLANG_WARN_DOCUMENTATION_COMMENTS = YES;
				CLANG_WARN_EMPTY_BODY = YES;
				CLANG_WARN_ENUM_CONVERSION = YES;
				CLANG_WARN_INFINITE_RECURSION = YES;
				CLANG_WARN_INT_CONVERSION = YES;
				CLANG_WARN_OBJC_ROOT_CLASS = YES_ERROR;
				CLANG_WARN_SUSPICIOUS_MOVES = YES;
				CLANG_WARN_UNREACHABLE_CODE = YES;
				CLANG_WARN__DUPLICATE_METHOD_MATCH = YES;
				"CODE_SIGN_IDENTITY[sdk=iphoneos*]" = "iPhone Developer";
				COPY_PHASE_STRIP = NO;
				DEBUG_INFORMATION_FORMAT = dwarf;
				ENABLE_STRICT_OBJC_MSGSEND = YES;
				ENABLE_TESTABILITY = YES;
				GCC_C_LANGUAGE_STANDARD = gnu99;
				GCC_DYNAMIC_NO_PIC = NO;
				GCC_NO_COMMON_BLOCKS = YES;
				GCC_OPTIMIZATION_LEVEL = 0;
				GCC_PREPROCESSOR_DEFINITIONS = (
					"DEBUG=1",
					"$(inherited)",
				);
				GCC_WARN_64_TO_32_BIT_CONVERSION = YES;
				GCC_WARN_ABOUT_RETURN_TYPE = YES_ERROR;
				GCC_WARN_UNDECLARED_SELECTOR = YES;
				GCC_WARN_UNINITIALIZED_AUTOS = YES_AGGRESSIVE;
				GCC_WARN_UNUSED_FUNCTION = YES;
				GCC_WARN_UNUSED_VARIABLE = YES;
				IPHONEOS_DEPLOYMENT_TARGET = 10.0;
				MTL_ENABLE_DEBUG_INFO = YES;
				ONLY_ACTIVE_ARCH = YES;
				SDKROOT = iphoneos;
				SWIFT_ACTIVE_COMPILATION_CONDITIONS = DEBUG;
				SWIFT_OPTIMIZATION_LEVEL = "-Onone";
			};
			name = Debug;
		};
		840964D21DD4C20F0056F82A /* Release */ = {
			isa = XCBuildConfiguration;
			buildSettings = {
				ALWAYS_SEARCH_USER_PATHS = NO;
				CLANG_ANALYZER_NONNULL = YES;
				CLANG_CXX_LANGUAGE_STANDARD = "gnu++0x";
				CLANG_CXX_LIBRARY = "libc++";
				CLANG_ENABLE_MODULES = YES;
				CLANG_ENABLE_OBJC_ARC = YES;
				CLANG_WARN_BOOL_CONVERSION = YES;
				CLANG_WARN_CONSTANT_CONVERSION = YES;
				CLANG_WARN_DIRECT_OBJC_ISA_USAGE = YES_ERROR;
				CLANG_WARN_DOCUMENTATION_COMMENTS = YES;
				CLANG_WARN_EMPTY_BODY = YES;
				CLANG_WARN_ENUM_CONVERSION = YES;
				CLANG_WARN_INFINITE_RECURSION = YES;
				CLANG_WARN_INT_CONVERSION = YES;
				CLANG_WARN_OBJC_ROOT_CLASS = YES_ERROR;
				CLANG_WARN_SUSPICIOUS_MOVES = YES;
				CLANG_WARN_UNREACHABLE_CODE = YES;
				CLANG_WARN__DUPLICATE_METHOD_MATCH = YES;
				"CODE_SIGN_IDENTITY[sdk=iphoneos*]" = "iPhone Developer";
				COPY_PHASE_STRIP = NO;
				DEBUG_INFORMATION_FORMAT = "dwarf-with-dsym";
				ENABLE_NS_ASSERTIONS = NO;
				ENABLE_STRICT_OBJC_MSGSEND = YES;
				GCC_C_LANGUAGE_STANDARD = gnu99;
				GCC_NO_COMMON_BLOCKS = YES;
				GCC_WARN_64_TO_32_BIT_CONVERSION = YES;
				GCC_WARN_ABOUT_RETURN_TYPE = YES_ERROR;
				GCC_WARN_UNDECLARED_SELECTOR = YES;
				GCC_WARN_UNINITIALIZED_AUTOS = YES_AGGRESSIVE;
				GCC_WARN_UNUSED_FUNCTION = YES;
				GCC_WARN_UNUSED_VARIABLE = YES;
				IPHONEOS_DEPLOYMENT_TARGET = 10.0;
				MTL_ENABLE_DEBUG_INFO = NO;
				SDKROOT = iphoneos;
				SWIFT_OPTIMIZATION_LEVEL = "-Owholemodule";
				VALIDATE_PRODUCT = YES;
			};
			name = Release;
		};
		840964D41DD4C20F0056F82A /* Debug */ = {
			isa = XCBuildConfiguration;
			buildSettings = {
				ASSETCATALOG_COMPILER_APPICON_NAME = AppIcon;
				INFOPLIST_FILE = "[My App] Shipping route/Info.plist";
				LD_RUNPATH_SEARCH_PATHS = "$(inherited) @executable_path/Frameworks";
				PRODUCT_BUNDLE_IDENTIFIER = "com.Uyenlva..-My-App--Shipping-route";
				PRODUCT_NAME = "$(TARGET_NAME)";
				SWIFT_VERSION = 3.0;
			};
			name = Debug;
		};
		840964D51DD4C20F0056F82A /* Release */ = {
			isa = XCBuildConfiguration;
			buildSettings = {
				ASSETCATALOG_COMPILER_APPICON_NAME = AppIcon;
				INFOPLIST_FILE = "[My App] Shipping route/Info.plist";
				LD_RUNPATH_SEARCH_PATHS = "$(inherited) @executable_path/Frameworks";
				PRODUCT_BUNDLE_IDENTIFIER = "com.Uyenlva..-My-App--Shipping-route";
				PRODUCT_NAME = "$(TARGET_NAME)";
				SWIFT_VERSION = 3.0;
			};
			name = Release;
		};
/* End XCBuildConfiguration section */

/* Begin XCConfigurationList section */
		840964B91DD4C20F0056F82A /* Build configuration list for PBXProject "[My App] Shipping route" */ = {
			isa = XCConfigurationList;
			buildConfigurations = (
				840964D11DD4C20F0056F82A /* Debug */,
				840964D21DD4C20F0056F82A /* Release */,
			);
			defaultConfigurationIsVisible = 0;
			defaultConfigurationName = Release;
		};
		840964D31DD4C20F0056F82A /* Build configuration list for PBXNativeTarget "[My App] Shipping route" */ = {
			isa = XCConfigurationList;
			buildConfigurations = (
				840964D41DD4C20F0056F82A /* Debug */,
				840964D51DD4C20F0056F82A /* Release */,
			);
			defaultConfigurationIsVisible = 0;
		};
/* End XCConfigurationList section */

/* Begin XCVersionGroup section */
		840964C81DD4C20F0056F82A /* _My_App__Shipping_route.xcdatamodeld */ = {
			isa = XCVersionGroup;
			children = (
				840964C91DD4C20F0056F82A /* _My_App__Shipping_route.xcdatamodel */,
			);
			currentVersion = 840964C91DD4C20F0056F82A /* _My_App__Shipping_route.xcdatamodel */;
			path = _My_App__Shipping_route.xcdatamodeld;
			sourceTree = "<group>";
			versionGroupType = wrapper.xcdatamodel;
		};
/* End XCVersionGroup section */
	};
	rootObject = 840964B61DD4C20F0056F82A /* Project object */;
}
